
Microsoft Visual Studio Solution File, Format Version 12.00
# Visual Studio Version 16
VisualStudioVersion = 16.0.32228.343
MinimumVisualStudioVersion = 10.0.40219.1
Project("{FAE04EC0-301F-11D3-BF4B-00C04F79EFBC}") = "ExamLoginandRegisterSystem", "ExamLoginandRegisterSystem.csproj", "{B6CB23CF-4DD0-4A36-A0D3-5D0E03D7EA7D}"
EndProject
Project("{FAE04EC0-301F-11D3-BF4B-00C04F79EFBC}") = "frmLOGİN", "..\frmLOGİN\frmLOGİN.csproj", "{DA57B00C-63F0-4CD4-9950-8CDAC86116ED}"
EndProject
Global
	GlobalSection(SolutionConfigurationPlatforms) = preSolution
		Debug|Any CPU = Debug|Any CPU
		Release|Any CPU = Release|Any CPU
	EndGlobalSection
	GlobalSection(ProjectConfigurationPlatforms) = postSolution
		{B6CB23CF-4DD0-4A36-A0D3-5D0E03D7EA7D}.Debug|Any CPU.ActiveCfg = Debug|Any CPU
		{B6CB23CF-4DD0-4A36-A0D3-5D0E03D7EA7D}.Debug|Any CPU.Build.0 = Debug|Any CPU
		{B6CB23CF-4DD0-4A36-A0D3-5D0E03D7EA7D}.Release|Any CPU.ActiveCfg = Release|Any CPU
		{B6CB23CF-4DD0-4A36-A0D3-5D0E03D7EA7D}.Release|Any CPU.Build.0 = Release|Any CPU
		{DA57B00C-63F0-4CD4-9950-8CDAC86116ED}.Debug|Any CPU.ActiveCfg = Debug|Any CPU
		{DA57B00C-63F0-4CD4-9950-8CDAC86116ED}.Debug|Any CPU.Build.0 = Debug|Any CPU
		{DA57B00C-63F0-4CD4-9950-8CDAC86116ED}.Release|Any CPU.ActiveCfg = Release|Any CPU
		{DA57B00C-63F0-4CD4-9950-8CDAC86116ED}.Release|Any CPU.Build.0 = Release|Any CPU
	EndGlobalSection
	GlobalSection(SolutionProperties) = preSolution
		HideSolutionNode = FALSE
	EndGlobalSection
	GlobalSection(ExtensibilityGlobals) = postSolution
		SolutionGuid = {A6D6E641-69B3-4671-B92A-DD62EED1DCD3}
	EndGlobalSection
EndGlobal
